
Microsoft Visual Studio Solution File, Format Version 12.00
# Visual Studio Version 17
VisualStudioVersion = 17.0.32126.317
MinimumVisualStudioVersion = 10.0.40219.1
Project("{FAE04EC0-301F-11D3-BF4B-00C04F79EFBC}") = "Patterns5", "Patterns5\Patterns5.csproj", "{A85C0939-3723-4803-A3BB-8890AA88851E}"
EndProject
Global
	GlobalSection(SolutionConfigurationPlatforms) = preSolution
		Debug|Any CPU = Debug|Any CPU
		Release|Any CPU = Release|Any CPU
	EndGlobalSection
	GlobalSection(ProjectConfigurationPlatforms) = postSolution
		{A85C0939-3723-4803-A3BB-8890AA88851E}.Debug|Any CPU.ActiveCfg = Debug|Any CPU
		{A85C0939-3723-4803-A3BB-8890AA88851E}.Debug|Any CPU.Build.0 = Debug|Any CPU
		{A85C0939-3723-4803-A3BB-8890AA88851E}.Release|Any CPU.ActiveCfg = Release|Any CPU
		{A85C0939-3723-4803-A3BB-8890AA88851E}.Release|Any CPU.Build.0 = Release|Any CPU
	EndGlobalSection
	GlobalSection(SolutionProperties) = preSolution
		HideSolutionNode = FALSE
	EndGlobalSection
	GlobalSection(ExtensibilityGlobals) = postSolution
		SolutionGuid = {0CC9007B-AAB1-4D32-B695-F4269CD17B71}
	EndGlobalSection
EndGlobal
